// !$*UTF8*$!
{
	archiveVersion = 1;
	classes = {
	};
	objectVersion = 46;
	objects = {

/* Begin PBXBuildFile section */
		24CD5A5216346284001EB407 /* Entity.cpp in Sources */ = {isa = PBXBuildFile; fileRef = 24CD5A5116346284001EB407 /* Entity.cpp */; };
		51B7426016345D1900DB18E1 /* Component.cpp in Sources */ = {isa = PBXBuildFile; fileRef = 51B7425B16345D1900DB18E1 /* Component.cpp */; };
		51B7426116345D1900DB18E1 /* Component.h in Headers */ = {isa = PBXBuildFile; fileRef = 51B7425C16345D1900DB18E1 /* Component.h */; };
		51B7426216345D1900DB18E1 /* Entity.h in Headers */ = {isa = PBXBuildFile; fileRef = 51B7425D16345D1900DB18E1 /* Entity.h */; };
		51B7426316345D1900DB18E1 /* ID.cpp in Sources */ = {isa = PBXBuildFile; fileRef = 51B7425E16345D1900DB18E1 /* ID.cpp */; };
		51B7426416345D1900DB18E1 /* ID.h in Headers */ = {isa = PBXBuildFile; fileRef = 51B7425F16345D1900DB18E1 /* ID.h */; };
/* End PBXBuildFile section */

/* Begin PBXFileReference section */
		24CD5A5116346284001EB407 /* Entity.cpp */ = {isa = PBXFileReference; fileEncoding = 4; lastKnownFileType = sourcecode.cpp.cpp; path = Entity.cpp; sourceTree = "<group>"; };
		51B7424F16345CFF00DB18E1 /* libBaconBox.a */ = {isa = PBXFileReference; explicitFileType = archive.ar; includeInIndex = 0; path = libBaconBox.a; sourceTree = BUILT_PRODUCTS_DIR; };
		51B7425B16345D1900DB18E1 /* Component.cpp */ = {isa = PBXFileReference; fileEncoding = 4; lastKnownFileType = sourcecode.cpp.cpp; path = Component.cpp; sourceTree = "<group>"; };
		51B7425C16345D1900DB18E1 /* Component.h */ = {isa = PBXFileReference; fileEncoding = 4; lastKnownFileType = sourcecode.c.h; path = Component.h; sourceTree = "<group>"; };
		51B7425D16345D1900DB18E1 /* Entity.h */ = {isa = PBXFileReference; fileEncoding = 4; lastKnownFileType = sourcecode.c.h; path = Entity.h; sourceTree = "<group>"; };
		51B7425E16345D1900DB18E1 /* ID.cpp */ = {isa = PBXFileReference; fileEncoding = 4; lastKnownFileType = sourcecode.cpp.cpp; path = ID.cpp; sourceTree = "<group>"; };
		51B7425F16345D1900DB18E1 /* ID.h */ = {isa = PBXFileReference; fileEncoding = 4; lastKnownFileType = sourcecode.c.h; path = ID.h; sourceTree = "<group>"; };
/* End PBXFileReference section */

/* Begin PBXFrameworksBuildPhase section */
		51B7424C16345CFF00DB18E1 /* Frameworks */ = {
			isa = PBXFrameworksBuildPhase;
			buildActionMask = 2147483647;
			files = (
			);
			runOnlyForDeploymentPostprocessing = 0;
		};
/* End PBXFrameworksBuildPhase section */

/* Begin PBXGroup section */
		51B7424416345CFF00DB18E1 = {
			isa = PBXGroup;
			children = (
				51B7425916345D1900DB18E1 /* BaconBox */,
				51B7425016345CFF00DB18E1 /* Products */,
			);
			sourceTree = "<group>";
		};
		51B7425016345CFF00DB18E1 /* Products */ = {
			isa = PBXGroup;
			children = (
				51B7424F16345CFF00DB18E1 /* libBaconBox.a */,
			);
			name = Products;
			sourceTree = "<group>";
		};
		51B7425916345D1900DB18E1 /* BaconBox */ = {
			isa = PBXGroup;
			children = (
				51B7425A16345D1900DB18E1 /* Core */,
			);
			path = BaconBox;
			sourceTree = "<group>";
		};
		51B7425A16345D1900DB18E1 /* Core */ = {
			isa = PBXGroup;
			children = (
				51B7425B16345D1900DB18E1 /* Component.cpp */,
				51B7425C16345D1900DB18E1 /* Component.h */,
				51B7425D16345D1900DB18E1 /* Entity.h */,
				51B7425E16345D1900DB18E1 /* ID.cpp */,
				51B7425F16345D1900DB18E1 /* ID.h */,
				24CD5A5116346284001EB407 /* Entity.cpp */,
			);
			path = Core;
			sourceTree = "<group>";
		};
/* End PBXGroup section */

/* Begin PBXHeadersBuildPhase section */
		51B7424D16345CFF00DB18E1 /* Headers */ = {
			isa = PBXHeadersBuildPhase;
			buildActionMask = 2147483647;
			files = (
				51B7426116345D1900DB18E1 /* Component.h in Headers */,
				51B7426216345D1900DB18E1 /* Entity.h in Headers */,
				51B7426416345D1900DB18E1 /* ID.h in Headers */,
			);
			runOnlyForDeploymentPostprocessing = 0;
		};
/* End PBXHeadersBuildPhase section */

/* Begin PBXNativeTarget section */
		51B7424E16345CFF00DB18E1 /* BaconBox */ = {
			isa = PBXNativeTarget;
			buildConfigurationList = 51B7425316345CFF00DB18E1 /* Build configuration list for PBXNativeTarget "BaconBox" */;
			buildPhases = (
				51B7424B16345CFF00DB18E1 /* Sources */,
				51B7424C16345CFF00DB18E1 /* Frameworks */,
				51B7424D16345CFF00DB18E1 /* Headers */,
			);
			buildRules = (
			);
			dependencies = (
			);
			name = BaconBox;
			productName = BaconBox;
			productReference = 51B7424F16345CFF00DB18E1 /* libBaconBox.a */;
			productType = "com.apple.product-type.library.static";
		};
/* End PBXNativeTarget section */

/* Begin PBXProject section */
		51B7424616345CFF00DB18E1 /* Project object */ = {
			isa = PBXProject;
			attributes = {
				LastUpgradeCheck = 0450;
				ORGANIZATIONNAME = Anhero;
			};
			buildConfigurationList = 51B7424916345CFF00DB18E1 /* Build configuration list for PBXProject "BaconBox" */;
			compatibilityVersion = "Xcode 3.2";
			developmentRegion = English;
			hasScannedForEncodings = 0;
			knownRegions = (
				en,
			);
			mainGroup = 51B7424416345CFF00DB18E1;
			productRefGroup = 51B7425016345CFF00DB18E1 /* Products */;
			projectDirPath = "";
			projectRoot = "";
			targets = (
				51B7424E16345CFF00DB18E1 /* BaconBox */,
			);
		};
/* End PBXProject section */

/* Begin PBXSourcesBuildPhase section */
		51B7424B16345CFF00DB18E1 /* Sources */ = {
			isa = PBXSourcesBuildPhase;
			buildActionMask = 2147483647;
			files = (
				51B7426016345D1900DB18E1 /* Component.cpp in Sources */,
				51B7426316345D1900DB18E1 /* ID.cpp in Sources */,
				24CD5A5216346284001EB407 /* Entity.cpp in Sources */,
			);
			runOnlyForDeploymentPostprocessing = 0;
		};
/* End PBXSourcesBuildPhase section */

/* Begin XCBuildConfiguration section */
		51B7425116345CFF00DB18E1 /* Debug */ = {
			isa = XCBuildConfiguration;
			buildSettings = {
				ALWAYS_SEARCH_USER_PATHS = NO;
				ARCHS = "$(ARCHS_STANDARD_64_BIT)";
				CLANG_CXX_LANGUAGE_STANDARD = "gnu++0x";
				CLANG_CXX_LIBRARY = "libc++";
				CLANG_WARN_EMPTY_BODY = YES;
				CLANG_WARN__DUPLICATE_METHOD_MATCH = YES;
				COPY_PHASE_STRIP = NO;
				GCC_C_LANGUAGE_STANDARD = gnu99;
				GCC_DYNAMIC_NO_PIC = NO;
				GCC_ENABLE_OBJC_EXCEPTIONS = YES;
				GCC_OPTIMIZATION_LEVEL = 0;
				GCC_PREPROCESSOR_DEFINITIONS = (
					"DEBUG=1",
					"$(inherited)",
				);
				GCC_SYMBOLS_PRIVATE_EXTERN = NO;
				GCC_WARN_64_TO_32_BIT_CONVERSION = YES;
				GCC_WARN_ABOUT_RETURN_TYPE = YES;
				GCC_WARN_UNINITIALIZED_AUTOS = YES;
				GCC_WARN_UNUSED_VARIABLE = YES;
				MACOSX_DEPLOYMENT_TARGET = 10.8;
				ONLY_ACTIVE_ARCH = YES;
				SDKROOT = macosx;
			};
			name = Debug;
		};
		51B7425216345CFF00DB18E1 /* Release */ = {
			isa = XCBuildConfiguration;
			buildSettings = {
				ALWAYS_SEARCH_USER_PATHS = NO;
				ARCHS = "$(ARCHS_STANDARD_64_BIT)";
				CLANG_CXX_LANGUAGE_STANDARD = "gnu++0x";
				CLANG_CXX_LIBRARY = "libc++";
				CLANG_WARN_EMPTY_BODY = YES;
				CLANG_WARN__DUPLICATE_METHOD_MATCH = YES;
				COPY_PHASE_STRIP = YES;
				DEBUG_INFORMATION_FORMAT = "dwarf-with-dsym";
				GCC_C_LANGUAGE_STANDARD = gnu99;
				GCC_ENABLE_OBJC_EXCEPTIONS = YES;
				GCC_WARN_64_TO_32_BIT_CONVERSION = YES;
				GCC_WARN_ABOUT_RETURN_TYPE = YES;
				GCC_WARN_UNINITIALIZED_AUTOS = YES;
				GCC_WARN_UNUSED_VARIABLE = YES;
				MACOSX_DEPLOYMENT_TARGET = 10.8;
				SDKROOT = macosx;
			};
			name = Release;
		};
		51B7425416345CFF00DB18E1 /* Debug */ = {
			isa = XCBuildConfiguration;
			buildSettings = {
				EXECUTABLE_PREFIX = lib;
				PRODUCT_NAME = "$(TARGET_NAME)";
			};
			name = Debug;
		};
		51B7425516345CFF00DB18E1 /* Release */ = {
			isa = XCBuildConfiguration;
			buildSettings = {
				EXECUTABLE_PREFIX = lib;
				PRODUCT_NAME = "$(TARGET_NAME)";
			};
			name = Release;
		};
/* End XCBuildConfiguration section */

/* Begin XCConfigurationList section */
		51B7424916345CFF00DB18E1 /* Build configuration list for PBXProject "BaconBox" */ = {
			isa = XCConfigurationList;
			buildConfigurations = (
				51B7425116345CFF00DB18E1 /* Debug */,
				51B7425216345CFF00DB18E1 /* Release */,
			);
			defaultConfigurationIsVisible = 0;
			defaultConfigurationName = Release;
		};
		51B7425316345CFF00DB18E1 /* Build configuration list for PBXNativeTarget "BaconBox" */ = {
			isa = XCConfigurationList;
			buildConfigurations = (
				51B7425416345CFF00DB18E1 /* Debug */,
				51B7425516345CFF00DB18E1 /* Release */,
			);
			defaultConfigurationIsVisible = 0;
			defaultConfigurationName = Release;
		};
/* End XCConfigurationList section */
	};
	rootObject = 51B7424616345CFF00DB18E1 /* Project object */;
}
