// !$*UTF8*$!
{
	archiveVersion = 1;
	classes = {
	};
	objectVersion = 46;
	objects = {

/* Begin PBXBuildFile section */
		2404E5E41646F1D3002B937C /* Transform.cpp in Sources */ = {isa = PBXBuildFile; fileRef = 2404E5E21646F1D3002B937C /* Transform.cpp */; };
		2404E5E51646F1D3002B937C /* Transform.h in Headers */ = {isa = PBXBuildFile; fileRef = 2404E5E31646F1D3002B937C /* Transform.h */; };
		247873E71636061B006D4A59 /* Engine.cpp in Sources */ = {isa = PBXBuildFile; fileRef = 247873E51636061B006D4A59 /* Engine.cpp */; };
		247873E81636061B006D4A59 /* Engine.h in Headers */ = {isa = PBXBuildFile; fileRef = 247873E61636061B006D4A59 /* Engine.h */; };
		247873F0163606C9006D4A59 /* TimeHelper.cpp in Sources */ = {isa = PBXBuildFile; fileRef = 247873EE163606C9006D4A59 /* TimeHelper.cpp */; };
		247873F1163606C9006D4A59 /* TimeHelper.h in Headers */ = {isa = PBXBuildFile; fileRef = 247873EF163606C9006D4A59 /* TimeHelper.h */; };
		247873F5163606DE006D4A59 /* LibcTimeHelper.cpp in Sources */ = {isa = PBXBuildFile; fileRef = 247873F3163606DE006D4A59 /* LibcTimeHelper.cpp */; };
		247873F6163606DE006D4A59 /* LibcTimeHelper.h in Headers */ = {isa = PBXBuildFile; fileRef = 247873F4163606DE006D4A59 /* LibcTimeHelper.h */; };
		247873FA1636075C006D4A59 /* PlatformFlagger.h in Headers */ = {isa = PBXBuildFile; fileRef = 247873F91636075C006D4A59 /* PlatformFlagger.h */; };
		247873FD16360993006D4A59 /* MainWindow.cpp in Sources */ = {isa = PBXBuildFile; fileRef = 247873FB16360993006D4A59 /* MainWindow.cpp */; };
		247873FE16360993006D4A59 /* MainWindow.h in Headers */ = {isa = PBXBuildFile; fileRef = 247873FC16360993006D4A59 /* MainWindow.h */; };
		2478740016360998006D4A59 /* WindowOrientation.h in Headers */ = {isa = PBXBuildFile; fileRef = 247873FF16360998006D4A59 /* WindowOrientation.h */; };
		2478740416360A61006D4A59 /* SDLMainWindow.cpp in Sources */ = {isa = PBXBuildFile; fileRef = 2478740216360A61006D4A59 /* SDLMainWindow.cpp */; };
		2478740516360A61006D4A59 /* SDLMainWindow.h in Headers */ = {isa = PBXBuildFile; fileRef = 2478740316360A61006D4A59 /* SDLMainWindow.h */; };
		2478740816360C7F006D4A59 /* libSDL2.a in Frameworks */ = {isa = PBXBuildFile; fileRef = 2478740616360C7F006D4A59 /* libSDL2.a */; };
		2478740916360C7F006D4A59 /* libSDL2main.a in Frameworks */ = {isa = PBXBuildFile; fileRef = 2478740716360C7F006D4A59 /* libSDL2main.a */; };
		24CD5A5216346284001EB407 /* Entity.cpp in Sources */ = {isa = PBXBuildFile; fileRef = 24CD5A5116346284001EB407 /* Entity.cpp */; };
		24CD5A5B1634782A001EB407 /* Vector2.cpp in Sources */ = {isa = PBXBuildFile; fileRef = 24CD5A591634782A001EB407 /* Vector2.cpp */; };
		24CD5A5C1634782A001EB407 /* Vector2.h in Headers */ = {isa = PBXBuildFile; fileRef = 24CD5A5A1634782A001EB407 /* Vector2.h */; };
		24CD5A6016347894001EB407 /* MathHelper.cpp in Sources */ = {isa = PBXBuildFile; fileRef = 24CD5A5E16347894001EB407 /* MathHelper.cpp */; };
		24CD5A6116347894001EB407 /* MathHelper.h in Headers */ = {isa = PBXBuildFile; fileRef = 24CD5A5F16347894001EB407 /* MathHelper.h */; };
		24CD5A63163478CA001EB407 /* StaticAssert.h in Headers */ = {isa = PBXBuildFile; fileRef = 24CD5A62163478CA001EB407 /* StaticAssert.h */; };
		24CD5A6816347906001EB407 /* IsBaseOf.h in Headers */ = {isa = PBXBuildFile; fileRef = 24CD5A6416347905001EB407 /* IsBaseOf.h */; };
		24CD5A6916347906001EB407 /* IsNumber.h in Headers */ = {isa = PBXBuildFile; fileRef = 24CD5A6516347906001EB407 /* IsNumber.h */; };
		24CD5A6A16347906001EB407 /* IsSame.h in Headers */ = {isa = PBXBuildFile; fileRef = 24CD5A6616347906001EB407 /* IsSame.h */; };
		24CD5A6B16347906001EB407 /* Iterators.h in Headers */ = {isa = PBXBuildFile; fileRef = 24CD5A6716347906001EB407 /* Iterators.h */; };
		24CD5A6D16347943001EB407 /* Ease.h in Headers */ = {isa = PBXBuildFile; fileRef = 24CD5A6C16347943001EB407 /* Ease.h */; };
		24CD5A6F16347954001EB407 /* SafeEnum.h in Headers */ = {isa = PBXBuildFile; fileRef = 24CD5A6E16347954001EB407 /* SafeEnum.h */; };
		24CD5A7F16347A32001EB407 /* Array.cpp in Sources */ = {isa = PBXBuildFile; fileRef = 24CD5A7116347A32001EB407 /* Array.cpp */; };
		24CD5A8016347A32001EB407 /* Array.h in Headers */ = {isa = PBXBuildFile; fileRef = 24CD5A7216347A32001EB407 /* Array.h */; };
		24CD5A8116347A32001EB407 /* DefaultSerializer.cpp in Sources */ = {isa = PBXBuildFile; fileRef = 24CD5A7316347A32001EB407 /* DefaultSerializer.cpp */; };
		24CD5A8216347A32001EB407 /* DefaultSerializer.h in Headers */ = {isa = PBXBuildFile; fileRef = 24CD5A7416347A32001EB407 /* DefaultSerializer.h */; };
		24CD5A8316347A32001EB407 /* JsonSerializer.h in Headers */ = {isa = PBXBuildFile; fileRef = 24CD5A7516347A32001EB407 /* JsonSerializer.h */; };
		24CD5A8416347A32001EB407 /* Object.cpp in Sources */ = {isa = PBXBuildFile; fileRef = 24CD5A7616347A32001EB407 /* Object.cpp */; };
		24CD5A8516347A32001EB407 /* Object.h in Headers */ = {isa = PBXBuildFile; fileRef = 24CD5A7716347A32001EB407 /* Object.h */; };
		24CD5A8616347A32001EB407 /* Serializable.cpp in Sources */ = {isa = PBXBuildFile; fileRef = 24CD5A7816347A32001EB407 /* Serializable.cpp */; };
		24CD5A8716347A32001EB407 /* Serializable.h in Headers */ = {isa = PBXBuildFile; fileRef = 24CD5A7916347A32001EB407 /* Serializable.h */; };
		24CD5A8816347A32001EB407 /* Serializer.cpp in Sources */ = {isa = PBXBuildFile; fileRef = 24CD5A7A16347A32001EB407 /* Serializer.cpp */; };
		24CD5A8916347A32001EB407 /* Serializer.h in Headers */ = {isa = PBXBuildFile; fileRef = 24CD5A7B16347A32001EB407 /* Serializer.h */; };
		24CD5A8A16347A32001EB407 /* Value.cpp in Sources */ = {isa = PBXBuildFile; fileRef = 24CD5A7C16347A32001EB407 /* Value.cpp */; };
		24CD5A8B16347A32001EB407 /* Value.h in Headers */ = {isa = PBXBuildFile; fileRef = 24CD5A7D16347A32001EB407 /* Value.h */; };
		24CD5A8C16347A32001EB407 /* XmlSerializer.h in Headers */ = {isa = PBXBuildFile; fileRef = 24CD5A7E16347A32001EB407 /* XmlSerializer.h */; };
		24CD5A9116347A51001EB407 /* JsonBoxSerializer.cpp in Sources */ = {isa = PBXBuildFile; fileRef = 24CD5A8F16347A51001EB407 /* JsonBoxSerializer.cpp */; };
		24CD5A9216347A51001EB407 /* JsonBoxSerializer.h in Headers */ = {isa = PBXBuildFile; fileRef = 24CD5A9016347A51001EB407 /* JsonBoxSerializer.h */; };
		24CD5A9516347A5C001EB407 /* TinyXMLSerializer.cpp in Sources */ = {isa = PBXBuildFile; fileRef = 24CD5A9316347A5C001EB407 /* TinyXMLSerializer.cpp */; };
		24CD5A9616347A5C001EB407 /* TinyXMLSerializer.h in Headers */ = {isa = PBXBuildFile; fileRef = 24CD5A9416347A5C001EB407 /* TinyXMLSerializer.h */; };
		24CD5A9916347EE9001EB407 /* libJsonBox.a in Frameworks */ = {isa = PBXBuildFile; fileRef = 24CD5A9716347EE8001EB407 /* libJsonBox.a */; };
		24CD5A9A16347EE9001EB407 /* libtinyxml.a in Frameworks */ = {isa = PBXBuildFile; fileRef = 24CD5A9816347EE8001EB407 /* libtinyxml.a */; };
		24CD5AA316348058001EB407 /* DeleteHelper.h in Headers */ = {isa = PBXBuildFile; fileRef = 24CD5AA216348057001EB407 /* DeleteHelper.h */; };
		24CD5AA616348089001EB407 /* State.cpp in Sources */ = {isa = PBXBuildFile; fileRef = 24CD5AA416348089001EB407 /* State.cpp */; };
		24CD5AA716348089001EB407 /* State.h in Headers */ = {isa = PBXBuildFile; fileRef = 24CD5AA516348089001EB407 /* State.h */; };
		51B7426016345D1900DB18E1 /* Component.cpp in Sources */ = {isa = PBXBuildFile; fileRef = 51B7425B16345D1900DB18E1 /* Component.cpp */; };
		51B7426116345D1900DB18E1 /* Component.h in Headers */ = {isa = PBXBuildFile; fileRef = 51B7425C16345D1900DB18E1 /* Component.h */; };
		51B7426216345D1900DB18E1 /* Entity.h in Headers */ = {isa = PBXBuildFile; fileRef = 51B7425D16345D1900DB18E1 /* Entity.h */; };
		51B7426316345D1900DB18E1 /* ID.cpp in Sources */ = {isa = PBXBuildFile; fileRef = 51B7425E16345D1900DB18E1 /* ID.cpp */; };
		51B7426416345D1900DB18E1 /* ID.h in Headers */ = {isa = PBXBuildFile; fileRef = 51B7425F16345D1900DB18E1 /* ID.h */; };
/* End PBXBuildFile section */

/* Begin PBXFileReference section */
		2404E5E21646F1D3002B937C /* Transform.cpp */ = {isa = PBXFileReference; fileEncoding = 4; lastKnownFileType = sourcecode.cpp.cpp; name = Transform.cpp; path = Components/Transform.cpp; sourceTree = "<group>"; };
		2404E5E31646F1D3002B937C /* Transform.h */ = {isa = PBXFileReference; fileEncoding = 4; lastKnownFileType = sourcecode.c.h; name = Transform.h; path = Components/Transform.h; sourceTree = "<group>"; };
		247873E51636061B006D4A59 /* Engine.cpp */ = {isa = PBXFileReference; fileEncoding = 4; lastKnownFileType = sourcecode.cpp.cpp; path = Engine.cpp; sourceTree = "<group>"; };
		247873E61636061B006D4A59 /* Engine.h */ = {isa = PBXFileReference; fileEncoding = 4; lastKnownFileType = sourcecode.c.h; path = Engine.h; sourceTree = "<group>"; };
		247873EE163606C9006D4A59 /* TimeHelper.cpp */ = {isa = PBXFileReference; fileEncoding = 4; lastKnownFileType = sourcecode.cpp.cpp; name = TimeHelper.cpp; path = Helper/TimeHelper.cpp; sourceTree = "<group>"; };
		247873EF163606C9006D4A59 /* TimeHelper.h */ = {isa = PBXFileReference; fileEncoding = 4; lastKnownFileType = sourcecode.c.h; name = TimeHelper.h; path = Helper/TimeHelper.h; sourceTree = "<group>"; };
		247873F3163606DE006D4A59 /* LibcTimeHelper.cpp */ = {isa = PBXFileReference; fileEncoding = 4; lastKnownFileType = sourcecode.cpp.cpp; name = LibcTimeHelper.cpp; path = Helper/libc/LibcTimeHelper.cpp; sourceTree = "<group>"; };
		247873F4163606DE006D4A59 /* LibcTimeHelper.h */ = {isa = PBXFileReference; fileEncoding = 4; lastKnownFileType = sourcecode.c.h; name = LibcTimeHelper.h; path = Helper/libc/LibcTimeHelper.h; sourceTree = "<group>"; };
		247873F91636075C006D4A59 /* PlatformFlagger.h */ = {isa = PBXFileReference; fileEncoding = 4; lastKnownFileType = sourcecode.c.h; name = PlatformFlagger.h; path = Helper/PlatformFlagger.h; sourceTree = "<group>"; };
		247873FB16360993006D4A59 /* MainWindow.cpp */ = {isa = PBXFileReference; fileEncoding = 4; lastKnownFileType = sourcecode.cpp.cpp; path = MainWindow.cpp; sourceTree = "<group>"; };
		247873FC16360993006D4A59 /* MainWindow.h */ = {isa = PBXFileReference; fileEncoding = 4; lastKnownFileType = sourcecode.c.h; path = MainWindow.h; sourceTree = "<group>"; };
		247873FF16360998006D4A59 /* WindowOrientation.h */ = {isa = PBXFileReference; fileEncoding = 4; lastKnownFileType = sourcecode.c.h; path = WindowOrientation.h; sourceTree = "<group>"; };
		2478740216360A61006D4A59 /* SDLMainWindow.cpp */ = {isa = PBXFileReference; fileEncoding = 4; lastKnownFileType = sourcecode.cpp.cpp; name = SDLMainWindow.cpp; path = SDL/SDLMainWindow.cpp; sourceTree = "<group>"; };
		2478740316360A61006D4A59 /* SDLMainWindow.h */ = {isa = PBXFileReference; fileEncoding = 4; lastKnownFileType = sourcecode.c.h; name = SDLMainWindow.h; path = SDL/SDLMainWindow.h; sourceTree = "<group>"; };
		2478740616360C7F006D4A59 /* libSDL2.a */ = {isa = PBXFileReference; lastKnownFileType = archive.ar; name = libSDL2.a; path = libraries/Darwin/x86_64/lib/libSDL2.a; sourceTree = "<group>"; };
		2478740716360C7F006D4A59 /* libSDL2main.a */ = {isa = PBXFileReference; lastKnownFileType = archive.ar; name = libSDL2main.a; path = libraries/Darwin/x86_64/lib/libSDL2main.a; sourceTree = "<group>"; };
		24CD5A5116346284001EB407 /* Entity.cpp */ = {isa = PBXFileReference; fileEncoding = 4; lastKnownFileType = sourcecode.cpp.cpp; path = Entity.cpp; sourceTree = "<group>"; };
		24CD5A591634782A001EB407 /* Vector2.cpp */ = {isa = PBXFileReference; fileEncoding = 4; lastKnownFileType = sourcecode.cpp.cpp; path = Vector2.cpp; sourceTree = "<group>"; };
		24CD5A5A1634782A001EB407 /* Vector2.h */ = {isa = PBXFileReference; fileEncoding = 4; lastKnownFileType = sourcecode.c.h; path = Vector2.h; sourceTree = "<group>"; };
		24CD5A5E16347894001EB407 /* MathHelper.cpp */ = {isa = PBXFileReference; fileEncoding = 4; lastKnownFileType = sourcecode.cpp.cpp; name = MathHelper.cpp; path = Helper/MathHelper.cpp; sourceTree = "<group>"; };
		24CD5A5F16347894001EB407 /* MathHelper.h */ = {isa = PBXFileReference; fileEncoding = 4; lastKnownFileType = sourcecode.c.h; name = MathHelper.h; path = Helper/MathHelper.h; sourceTree = "<group>"; };
		24CD5A62163478CA001EB407 /* StaticAssert.h */ = {isa = PBXFileReference; fileEncoding = 4; lastKnownFileType = sourcecode.c.h; name = StaticAssert.h; path = Helper/StaticAssert.h; sourceTree = "<group>"; };
		24CD5A6416347905001EB407 /* IsBaseOf.h */ = {isa = PBXFileReference; fileEncoding = 4; lastKnownFileType = sourcecode.c.h; name = IsBaseOf.h; path = Helper/IsBaseOf.h; sourceTree = "<group>"; };
		24CD5A6516347906001EB407 /* IsNumber.h */ = {isa = PBXFileReference; fileEncoding = 4; lastKnownFileType = sourcecode.c.h; name = IsNumber.h; path = Helper/IsNumber.h; sourceTree = "<group>"; };
		24CD5A6616347906001EB407 /* IsSame.h */ = {isa = PBXFileReference; fileEncoding = 4; lastKnownFileType = sourcecode.c.h; name = IsSame.h; path = Helper/IsSame.h; sourceTree = "<group>"; };
		24CD5A6716347906001EB407 /* Iterators.h */ = {isa = PBXFileReference; fileEncoding = 4; lastKnownFileType = sourcecode.c.h; name = Iterators.h; path = Helper/Iterators.h; sourceTree = "<group>"; };
		24CD5A6C16347943001EB407 /* Ease.h */ = {isa = PBXFileReference; fileEncoding = 4; lastKnownFileType = sourcecode.c.h; name = Ease.h; path = Helper/Ease.h; sourceTree = "<group>"; };
		24CD5A6E16347954001EB407 /* SafeEnum.h */ = {isa = PBXFileReference; fileEncoding = 4; lastKnownFileType = sourcecode.c.h; name = SafeEnum.h; path = Helper/SafeEnum.h; sourceTree = "<group>"; };
		24CD5A7116347A32001EB407 /* Array.cpp */ = {isa = PBXFileReference; fileEncoding = 4; lastKnownFileType = sourcecode.cpp.cpp; name = Array.cpp; path = Helper/Serialization/Array.cpp; sourceTree = "<group>"; };
		24CD5A7216347A32001EB407 /* Array.h */ = {isa = PBXFileReference; fileEncoding = 4; lastKnownFileType = sourcecode.c.h; name = Array.h; path = Helper/Serialization/Array.h; sourceTree = "<group>"; };
		24CD5A7316347A32001EB407 /* DefaultSerializer.cpp */ = {isa = PBXFileReference; fileEncoding = 4; lastKnownFileType = sourcecode.cpp.cpp; name = DefaultSerializer.cpp; path = Helper/Serialization/DefaultSerializer.cpp; sourceTree = "<group>"; };
		24CD5A7416347A32001EB407 /* DefaultSerializer.h */ = {isa = PBXFileReference; fileEncoding = 4; lastKnownFileType = sourcecode.c.h; name = DefaultSerializer.h; path = Helper/Serialization/DefaultSerializer.h; sourceTree = "<group>"; };
		24CD5A7516347A32001EB407 /* JsonSerializer.h */ = {isa = PBXFileReference; fileEncoding = 4; lastKnownFileType = sourcecode.c.h; name = JsonSerializer.h; path = Helper/Serialization/JsonSerializer.h; sourceTree = "<group>"; };
		24CD5A7616347A32001EB407 /* Object.cpp */ = {isa = PBXFileReference; fileEncoding = 4; lastKnownFileType = sourcecode.cpp.cpp; name = Object.cpp; path = Helper/Serialization/Object.cpp; sourceTree = "<group>"; };
		24CD5A7716347A32001EB407 /* Object.h */ = {isa = PBXFileReference; fileEncoding = 4; lastKnownFileType = sourcecode.c.h; name = Object.h; path = Helper/Serialization/Object.h; sourceTree = "<group>"; };
		24CD5A7816347A32001EB407 /* Serializable.cpp */ = {isa = PBXFileReference; fileEncoding = 4; lastKnownFileType = sourcecode.cpp.cpp; name = Serializable.cpp; path = Helper/Serialization/Serializable.cpp; sourceTree = "<group>"; };
		24CD5A7916347A32001EB407 /* Serializable.h */ = {isa = PBXFileReference; fileEncoding = 4; lastKnownFileType = sourcecode.c.h; name = Serializable.h; path = Helper/Serialization/Serializable.h; sourceTree = "<group>"; };
		24CD5A7A16347A32001EB407 /* Serializer.cpp */ = {isa = PBXFileReference; fileEncoding = 4; lastKnownFileType = sourcecode.cpp.cpp; name = Serializer.cpp; path = Helper/Serialization/Serializer.cpp; sourceTree = "<group>"; };
		24CD5A7B16347A32001EB407 /* Serializer.h */ = {isa = PBXFileReference; fileEncoding = 4; lastKnownFileType = sourcecode.c.h; name = Serializer.h; path = Helper/Serialization/Serializer.h; sourceTree = "<group>"; };
		24CD5A7C16347A32001EB407 /* Value.cpp */ = {isa = PBXFileReference; fileEncoding = 4; lastKnownFileType = sourcecode.cpp.cpp; name = Value.cpp; path = Helper/Serialization/Value.cpp; sourceTree = "<group>"; };
		24CD5A7D16347A32001EB407 /* Value.h */ = {isa = PBXFileReference; fileEncoding = 4; lastKnownFileType = sourcecode.c.h; name = Value.h; path = Helper/Serialization/Value.h; sourceTree = "<group>"; };
		24CD5A7E16347A32001EB407 /* XmlSerializer.h */ = {isa = PBXFileReference; fileEncoding = 4; lastKnownFileType = sourcecode.c.h; name = XmlSerializer.h; path = Helper/Serialization/XmlSerializer.h; sourceTree = "<group>"; };
		24CD5A8F16347A51001EB407 /* JsonBoxSerializer.cpp */ = {isa = PBXFileReference; fileEncoding = 4; lastKnownFileType = sourcecode.cpp.cpp; name = JsonBoxSerializer.cpp; path = Helper/Serialization/JsonBox/JsonBoxSerializer.cpp; sourceTree = "<group>"; };
		24CD5A9016347A51001EB407 /* JsonBoxSerializer.h */ = {isa = PBXFileReference; fileEncoding = 4; lastKnownFileType = sourcecode.c.h; name = JsonBoxSerializer.h; path = Helper/Serialization/JsonBox/JsonBoxSerializer.h; sourceTree = "<group>"; };
		24CD5A9316347A5C001EB407 /* TinyXMLSerializer.cpp */ = {isa = PBXFileReference; fileEncoding = 4; lastKnownFileType = sourcecode.cpp.cpp; name = TinyXMLSerializer.cpp; path = Helper/Serialization/TinyXML/TinyXMLSerializer.cpp; sourceTree = "<group>"; };
		24CD5A9416347A5C001EB407 /* TinyXMLSerializer.h */ = {isa = PBXFileReference; fileEncoding = 4; lastKnownFileType = sourcecode.c.h; name = TinyXMLSerializer.h; path = Helper/Serialization/TinyXML/TinyXMLSerializer.h; sourceTree = "<group>"; };
		24CD5A9716347EE8001EB407 /* libJsonBox.a */ = {isa = PBXFileReference; lastKnownFileType = archive.ar; name = libJsonBox.a; path = libraries/Darwin/x86_64/lib/libJsonBox.a; sourceTree = "<group>"; };
		24CD5A9816347EE8001EB407 /* libtinyxml.a */ = {isa = PBXFileReference; lastKnownFileType = archive.ar; name = libtinyxml.a; path = libraries/Darwin/x86_64/lib/libtinyxml.a; sourceTree = "<group>"; };
		24CD5AA216348057001EB407 /* DeleteHelper.h */ = {isa = PBXFileReference; fileEncoding = 4; lastKnownFileType = sourcecode.c.h; name = DeleteHelper.h; path = Helper/DeleteHelper.h; sourceTree = "<group>"; };
		24CD5AA416348089001EB407 /* State.cpp */ = {isa = PBXFileReference; fileEncoding = 4; lastKnownFileType = sourcecode.cpp.cpp; path = State.cpp; sourceTree = "<group>"; };
		24CD5AA516348089001EB407 /* State.h */ = {isa = PBXFileReference; fileEncoding = 4; lastKnownFileType = sourcecode.c.h; path = State.h; sourceTree = "<group>"; };
		51B7424F16345CFF00DB18E1 /* libBaconBox.a */ = {isa = PBXFileReference; explicitFileType = archive.ar; includeInIndex = 0; path = libBaconBox.a; sourceTree = BUILT_PRODUCTS_DIR; };
		51B7425B16345D1900DB18E1 /* Component.cpp */ = {isa = PBXFileReference; fileEncoding = 4; lastKnownFileType = sourcecode.cpp.cpp; path = Component.cpp; sourceTree = "<group>"; };
		51B7425C16345D1900DB18E1 /* Component.h */ = {isa = PBXFileReference; fileEncoding = 4; lastKnownFileType = sourcecode.c.h; path = Component.h; sourceTree = "<group>"; };
		51B7425D16345D1900DB18E1 /* Entity.h */ = {isa = PBXFileReference; fileEncoding = 4; lastKnownFileType = sourcecode.c.h; path = Entity.h; sourceTree = "<group>"; };
		51B7425E16345D1900DB18E1 /* ID.cpp */ = {isa = PBXFileReference; fileEncoding = 4; lastKnownFileType = sourcecode.cpp.cpp; path = ID.cpp; sourceTree = "<group>"; };
		51B7425F16345D1900DB18E1 /* ID.h */ = {isa = PBXFileReference; fileEncoding = 4; lastKnownFileType = sourcecode.c.h; path = ID.h; sourceTree = "<group>"; };
/* End PBXFileReference section */

/* Begin PBXFrameworksBuildPhase section */
		51B7424C16345CFF00DB18E1 /* Frameworks */ = {
			isa = PBXFrameworksBuildPhase;
			buildActionMask = 2147483647;
			files = (
				2478740816360C7F006D4A59 /* libSDL2.a in Frameworks */,
				2478740916360C7F006D4A59 /* libSDL2main.a in Frameworks */,
				24CD5A9916347EE9001EB407 /* libJsonBox.a in Frameworks */,
				24CD5A9A16347EE9001EB407 /* libtinyxml.a in Frameworks */,
			);
			runOnlyForDeploymentPostprocessing = 0;
		};
/* End PBXFrameworksBuildPhase section */

/* Begin PBXGroup section */
		2404E5E01646F0C2002B937C /* Components */ = {
			isa = PBXGroup;
			children = (
				2404E5E21646F1D3002B937C /* Transform.cpp */,
				2404E5E31646F1D3002B937C /* Transform.h */,
			);
			name = Components;
			sourceTree = "<group>";
		};
		247873F2163606D4006D4A59 /* libc */ = {
			isa = PBXGroup;
			children = (
				247873F3163606DE006D4A59 /* LibcTimeHelper.cpp */,
				247873F4163606DE006D4A59 /* LibcTimeHelper.h */,
			);
			name = libc;
			sourceTree = "<group>";
		};
		2478740116360A57006D4A59 /* SDL */ = {
			isa = PBXGroup;
			children = (
				2478740216360A61006D4A59 /* SDLMainWindow.cpp */,
				2478740316360A61006D4A59 /* SDLMainWindow.h */,
			);
			name = SDL;
			sourceTree = "<group>";
		};
		24CD5A5D16347861001EB407 /* Helper */ = {
			isa = PBXGroup;
			children = (
				247873F2163606D4006D4A59 /* libc */,
				24CD5A7016347A00001EB407 /* Serialization */,
				24CD5AA216348057001EB407 /* DeleteHelper.h */,
				24CD5A6C16347943001EB407 /* Ease.h */,
				24CD5A6416347905001EB407 /* IsBaseOf.h */,
				24CD5A6516347906001EB407 /* IsNumber.h */,
				24CD5A6616347906001EB407 /* IsSame.h */,
				24CD5A6716347906001EB407 /* Iterators.h */,
				24CD5A5E16347894001EB407 /* MathHelper.cpp */,
				24CD5A5F16347894001EB407 /* MathHelper.h */,
				247873F91636075C006D4A59 /* PlatformFlagger.h */,
				24CD5A6E16347954001EB407 /* SafeEnum.h */,
				24CD5A62163478CA001EB407 /* StaticAssert.h */,
				247873EE163606C9006D4A59 /* TimeHelper.cpp */,
				247873EF163606C9006D4A59 /* TimeHelper.h */,
			);
			name = Helper;
			sourceTree = "<group>";
		};
		24CD5A7016347A00001EB407 /* Serialization */ = {
			isa = PBXGroup;
			children = (
				24CD5A8D16347A3C001EB407 /* JsonBox */,
				24CD5A8E16347A43001EB407 /* TinyXML */,
				24CD5A7116347A32001EB407 /* Array.cpp */,
				24CD5A7216347A32001EB407 /* Array.h */,
				24CD5A7316347A32001EB407 /* DefaultSerializer.cpp */,
				24CD5A7416347A32001EB407 /* DefaultSerializer.h */,
				24CD5A7516347A32001EB407 /* JsonSerializer.h */,
				24CD5A7616347A32001EB407 /* Object.cpp */,
				24CD5A7716347A32001EB407 /* Object.h */,
				24CD5A7816347A32001EB407 /* Serializable.cpp */,
				24CD5A7916347A32001EB407 /* Serializable.h */,
				24CD5A7A16347A32001EB407 /* Serializer.cpp */,
				24CD5A7B16347A32001EB407 /* Serializer.h */,
				24CD5A7C16347A32001EB407 /* Value.cpp */,
				24CD5A7D16347A32001EB407 /* Value.h */,
				24CD5A7E16347A32001EB407 /* XmlSerializer.h */,
			);
			name = Serialization;
			sourceTree = "<group>";
		};
		24CD5A8D16347A3C001EB407 /* JsonBox */ = {
			isa = PBXGroup;
			children = (
				24CD5A8F16347A51001EB407 /* JsonBoxSerializer.cpp */,
				24CD5A9016347A51001EB407 /* JsonBoxSerializer.h */,
			);
			name = JsonBox;
			sourceTree = "<group>";
		};
		24CD5A8E16347A43001EB407 /* TinyXML */ = {
			isa = PBXGroup;
			children = (
				24CD5A9316347A5C001EB407 /* TinyXMLSerializer.cpp */,
				24CD5A9416347A5C001EB407 /* TinyXMLSerializer.h */,
			);
			name = TinyXML;
			sourceTree = "<group>";
		};
		24CD5A9B16347EF2001EB407 /* libraries */ = {
			isa = PBXGroup;
			children = (
				2478740616360C7F006D4A59 /* libSDL2.a */,
				2478740716360C7F006D4A59 /* libSDL2main.a */,
				24CD5A9716347EE8001EB407 /* libJsonBox.a */,
				24CD5A9816347EE8001EB407 /* libtinyxml.a */,
			);
			name = libraries;
			sourceTree = "<group>";
		};
		51B7424416345CFF00DB18E1 = {
			isa = PBXGroup;
			children = (
				24CD5A9B16347EF2001EB407 /* libraries */,
				51B7425916345D1900DB18E1 /* BaconBox */,
				51B7425016345CFF00DB18E1 /* Products */,
			);
			sourceTree = "<group>";
		};
		51B7425016345CFF00DB18E1 /* Products */ = {
			isa = PBXGroup;
			children = (
				51B7424F16345CFF00DB18E1 /* libBaconBox.a */,
			);
			name = Products;
			sourceTree = "<group>";
		};
		51B7425916345D1900DB18E1 /* BaconBox */ = {
			isa = PBXGroup;
			children = (
				2404E5E01646F0C2002B937C /* Components */,
				51B7425A16345D1900DB18E1 /* Core */,
				24CD5A5D16347861001EB407 /* Helper */,
			);
			path = BaconBox;
			sourceTree = "<group>";
		};
		51B7425A16345D1900DB18E1 /* Core */ = {
			isa = PBXGroup;
			children = (
				2478740116360A57006D4A59 /* SDL */,
				51B7425B16345D1900DB18E1 /* Component.cpp */,
				51B7425C16345D1900DB18E1 /* Component.h */,
				247873E51636061B006D4A59 /* Engine.cpp */,
				247873E61636061B006D4A59 /* Engine.h */,
				24CD5A5116346284001EB407 /* Entity.cpp */,
				51B7425D16345D1900DB18E1 /* Entity.h */,
				51B7425E16345D1900DB18E1 /* ID.cpp */,
				51B7425F16345D1900DB18E1 /* ID.h */,
				247873FB16360993006D4A59 /* MainWindow.cpp */,
				247873FC16360993006D4A59 /* MainWindow.h */,
				24CD5AA416348089001EB407 /* State.cpp */,
				24CD5AA516348089001EB407 /* State.h */,
				24CD5A591634782A001EB407 /* Vector2.cpp */,
				24CD5A5A1634782A001EB407 /* Vector2.h */,
				247873FF16360998006D4A59 /* WindowOrientation.h */,
			);
			path = Core;
			sourceTree = "<group>";
		};
/* End PBXGroup section */

/* Begin PBXHeadersBuildPhase section */
		51B7424D16345CFF00DB18E1 /* Headers */ = {
			isa = PBXHeadersBuildPhase;
			buildActionMask = 2147483647;
			files = (
				51B7426116345D1900DB18E1 /* Component.h in Headers */,
				51B7426216345D1900DB18E1 /* Entity.h in Headers */,
				51B7426416345D1900DB18E1 /* ID.h in Headers */,
				24CD5A5C1634782A001EB407 /* Vector2.h in Headers */,
				24CD5A6116347894001EB407 /* MathHelper.h in Headers */,
				24CD5A63163478CA001EB407 /* StaticAssert.h in Headers */,
				24CD5A6816347906001EB407 /* IsBaseOf.h in Headers */,
				24CD5A6916347906001EB407 /* IsNumber.h in Headers */,
				24CD5A6A16347906001EB407 /* IsSame.h in Headers */,
				24CD5A6B16347906001EB407 /* Iterators.h in Headers */,
				24CD5A6D16347943001EB407 /* Ease.h in Headers */,
				24CD5A6F16347954001EB407 /* SafeEnum.h in Headers */,
				24CD5A8016347A32001EB407 /* Array.h in Headers */,
				24CD5A8216347A32001EB407 /* DefaultSerializer.h in Headers */,
				24CD5A8316347A32001EB407 /* JsonSerializer.h in Headers */,
				24CD5A8516347A32001EB407 /* Object.h in Headers */,
				24CD5A8716347A32001EB407 /* Serializable.h in Headers */,
				24CD5A8916347A32001EB407 /* Serializer.h in Headers */,
				24CD5A8B16347A32001EB407 /* Value.h in Headers */,
				24CD5A8C16347A32001EB407 /* XmlSerializer.h in Headers */,
				24CD5A9216347A51001EB407 /* JsonBoxSerializer.h in Headers */,
				24CD5A9616347A5C001EB407 /* TinyXMLSerializer.h in Headers */,
				24CD5AA316348058001EB407 /* DeleteHelper.h in Headers */,
				24CD5AA716348089001EB407 /* State.h in Headers */,
				247873E81636061B006D4A59 /* Engine.h in Headers */,
				247873F1163606C9006D4A59 /* TimeHelper.h in Headers */,
				247873F6163606DE006D4A59 /* LibcTimeHelper.h in Headers */,
				247873FA1636075C006D4A59 /* PlatformFlagger.h in Headers */,
				247873FE16360993006D4A59 /* MainWindow.h in Headers */,
				2478740016360998006D4A59 /* WindowOrientation.h in Headers */,
				2478740516360A61006D4A59 /* SDLMainWindow.h in Headers */,
				2404E5E51646F1D3002B937C /* Transform.h in Headers */,
			);
			runOnlyForDeploymentPostprocessing = 0;
		};
/* End PBXHeadersBuildPhase section */

/* Begin PBXNativeTarget section */
		51B7424E16345CFF00DB18E1 /* BaconBox */ = {
			isa = PBXNativeTarget;
			buildConfigurationList = 51B7425316345CFF00DB18E1 /* Build configuration list for PBXNativeTarget "BaconBox" */;
			buildPhases = (
				51B7424D16345CFF00DB18E1 /* Headers */,
				51B7424B16345CFF00DB18E1 /* Sources */,
				51B7424C16345CFF00DB18E1 /* Frameworks */,
			);
			buildRules = (
			);
			dependencies = (
			);
			name = BaconBox;
			productName = BaconBox;
			productReference = 51B7424F16345CFF00DB18E1 /* libBaconBox.a */;
			productType = "com.apple.product-type.library.static";
		};
/* End PBXNativeTarget section */

/* Begin PBXProject section */
		51B7424616345CFF00DB18E1 /* Project object */ = {
			isa = PBXProject;
			attributes = {
				LastUpgradeCheck = 0450;
				ORGANIZATIONNAME = Anhero;
			};
			buildConfigurationList = 51B7424916345CFF00DB18E1 /* Build configuration list for PBXProject "BaconBox" */;
			compatibilityVersion = "Xcode 3.2";
			developmentRegion = English;
			hasScannedForEncodings = 0;
			knownRegions = (
				en,
			);
			mainGroup = 51B7424416345CFF00DB18E1;
			productRefGroup = 51B7425016345CFF00DB18E1 /* Products */;
			projectDirPath = "";
			projectRoot = "";
			targets = (
				51B7424E16345CFF00DB18E1 /* BaconBox */,
			);
		};
/* End PBXProject section */

/* Begin PBXSourcesBuildPhase section */
		51B7424B16345CFF00DB18E1 /* Sources */ = {
			isa = PBXSourcesBuildPhase;
			buildActionMask = 2147483647;
			files = (
				51B7426016345D1900DB18E1 /* Component.cpp in Sources */,
				51B7426316345D1900DB18E1 /* ID.cpp in Sources */,
				24CD5A5216346284001EB407 /* Entity.cpp in Sources */,
				24CD5A5B1634782A001EB407 /* Vector2.cpp in Sources */,
				24CD5A6016347894001EB407 /* MathHelper.cpp in Sources */,
				24CD5A7F16347A32001EB407 /* Array.cpp in Sources */,
				24CD5A8116347A32001EB407 /* DefaultSerializer.cpp in Sources */,
				24CD5A8416347A32001EB407 /* Object.cpp in Sources */,
				24CD5A8616347A32001EB407 /* Serializable.cpp in Sources */,
				24CD5A8816347A32001EB407 /* Serializer.cpp in Sources */,
				24CD5A8A16347A32001EB407 /* Value.cpp in Sources */,
				24CD5A9116347A51001EB407 /* JsonBoxSerializer.cpp in Sources */,
				24CD5A9516347A5C001EB407 /* TinyXMLSerializer.cpp in Sources */,
				24CD5AA616348089001EB407 /* State.cpp in Sources */,
				247873E71636061B006D4A59 /* Engine.cpp in Sources */,
				247873F0163606C9006D4A59 /* TimeHelper.cpp in Sources */,
				247873F5163606DE006D4A59 /* LibcTimeHelper.cpp in Sources */,
				247873FD16360993006D4A59 /* MainWindow.cpp in Sources */,
				2478740416360A61006D4A59 /* SDLMainWindow.cpp in Sources */,
				2404E5E41646F1D3002B937C /* Transform.cpp in Sources */,
			);
			runOnlyForDeploymentPostprocessing = 0;
		};
/* End PBXSourcesBuildPhase section */

/* Begin XCBuildConfiguration section */
		51B7425116345CFF00DB18E1 /* Debug */ = {
			isa = XCBuildConfiguration;
			buildSettings = {
				ALWAYS_SEARCH_USER_PATHS = NO;
				ARCHS = "$(ARCHS_STANDARD_64_BIT)";
				CLANG_CXX_LANGUAGE_STANDARD = "gnu++98";
				CLANG_CXX_LIBRARY = "libstdc++";
				CLANG_WARN_EMPTY_BODY = YES;
				CLANG_WARN__DUPLICATE_METHOD_MATCH = YES;
				COPY_PHASE_STRIP = NO;
				GCC_C_LANGUAGE_STANDARD = gnu99;
				GCC_DYNAMIC_NO_PIC = NO;
				GCC_ENABLE_OBJC_EXCEPTIONS = YES;
				GCC_OPTIMIZATION_LEVEL = 0;
				GCC_PREPROCESSOR_DEFINITIONS = (
					"TIXML_USE_STL=1",
					"SDL=1",
					"DEBUG=1",
					"$(inherited)",
				);
				GCC_SYMBOLS_PRIVATE_EXTERN = NO;
				GCC_WARN_64_TO_32_BIT_CONVERSION = YES;
				GCC_WARN_ABOUT_RETURN_TYPE = YES;
				GCC_WARN_UNINITIALIZED_AUTOS = YES;
				GCC_WARN_UNUSED_VARIABLE = YES;
				MACOSX_DEPLOYMENT_TARGET = 10.8;
				ONLY_ACTIVE_ARCH = YES;
				SDKROOT = macosx;
			};
			name = Debug;
		};
		51B7425216345CFF00DB18E1 /* Release */ = {
			isa = XCBuildConfiguration;
			buildSettings = {
				ALWAYS_SEARCH_USER_PATHS = NO;
				ARCHS = "$(ARCHS_STANDARD_64_BIT)";
				CLANG_CXX_LANGUAGE_STANDARD = "gnu++98";
				CLANG_CXX_LIBRARY = "libstdc++";
				CLANG_WARN_EMPTY_BODY = YES;
				CLANG_WARN__DUPLICATE_METHOD_MATCH = YES;
				COPY_PHASE_STRIP = YES;
				DEBUG_INFORMATION_FORMAT = "dwarf-with-dsym";
				GCC_C_LANGUAGE_STANDARD = gnu99;
				GCC_ENABLE_OBJC_EXCEPTIONS = YES;
				GCC_WARN_64_TO_32_BIT_CONVERSION = YES;
				GCC_WARN_ABOUT_RETURN_TYPE = YES;
				GCC_WARN_UNINITIALIZED_AUTOS = YES;
				GCC_WARN_UNUSED_VARIABLE = YES;
				MACOSX_DEPLOYMENT_TARGET = 10.8;
				SDKROOT = macosx;
			};
			name = Release;
		};
		51B7425416345CFF00DB18E1 /* Debug */ = {
			isa = XCBuildConfiguration;
			buildSettings = {
				EXECUTABLE_PREFIX = lib;
				GCC_PREPROCESSOR_DEFINITIONS = (
					"DEBUG=1",
					"SDL=1",
					"TIXML_USE_STL=1",
					"$(inherited)",
				);
				HEADER_SEARCH_PATHS = "\"$(SRCROOT)/libraries/Darwin/x86_64/include\"";
				LIBRARY_SEARCH_PATHS = (
					"$(inherited)",
					"\"$(SRCROOT)/libraries/Darwin/x86_64/lib\"",
				);
				PRODUCT_NAME = "$(TARGET_NAME)";
			};
			name = Debug;
		};
		51B7425516345CFF00DB18E1 /* Release */ = {
			isa = XCBuildConfiguration;
			buildSettings = {
				EXECUTABLE_PREFIX = lib;
				GCC_PREPROCESSOR_DEFINITIONS = (
					"TIXML_USE_STL=1",
					"SDL=1",
				);
				HEADER_SEARCH_PATHS = "\"$(SRCROOT)/libraries/Darwin/x86_64/include\"";
				LIBRARY_SEARCH_PATHS = (
					"$(inherited)",
					"\"$(SRCROOT)/libraries/Darwin/x86_64/lib\"",
				);
				PRODUCT_NAME = "$(TARGET_NAME)";
			};
			name = Release;
		};
/* End XCBuildConfiguration section */

/* Begin XCConfigurationList section */
		51B7424916345CFF00DB18E1 /* Build configuration list for PBXProject "BaconBox" */ = {
			isa = XCConfigurationList;
			buildConfigurations = (
				51B7425116345CFF00DB18E1 /* Debug */,
				51B7425216345CFF00DB18E1 /* Release */,
			);
			defaultConfigurationIsVisible = 0;
			defaultConfigurationName = Release;
		};
		51B7425316345CFF00DB18E1 /* Build configuration list for PBXNativeTarget "BaconBox" */ = {
			isa = XCConfigurationList;
			buildConfigurations = (
				51B7425416345CFF00DB18E1 /* Debug */,
				51B7425516345CFF00DB18E1 /* Release */,
			);
			defaultConfigurationIsVisible = 0;
			defaultConfigurationName = Release;
		};
/* End XCConfigurationList section */
	};
	rootObject = 51B7424616345CFF00DB18E1 /* Project object */;
}
