<?xml version="1.0" encoding="UTF-8" standalone="yes" ?>
<CodeBlocks_project_file>
	<FileVersion major="1" minor="6" />
	<Project>
		<Option title="BaconBox" />
		<Option pch_mode="2" />
		<Option compiler="gcc" />
		<Option virtualFolders="BaconBox\Components\;" />
		<Build>
			<Target title="Debug">
				<Option output="BaconBox" prefix_auto="1" extension_auto="1" />
				<Option working_dir="" />
				<Option object_output="obj/Debug/" />
				<Option type="2" />
				<Option compiler="gcc" />
				<Option createDefFile="1" />
				<Compiler>
					<Add option="-Wall" />
					<Add option="-g" />
					<Add option="-DBB_SDL" />
					<Add option="-DBB_LUA" />
					<Add option="-DBB_DEBUG" />
					<Add directory="../../../../BaconBox" />
					<Add directory="../../../libraries/MINGW32_NT-6.1/i686/include" />
				</Compiler>
				<Linker>
					<Add library="JsonBox" />
					<Add library="lua" />
					<Add directory="../../../libraries/MINGW32_NT-6.1/i686/lib" />
				</Linker>
			</Target>
			<Target title="Release">
				<Option output="BaconBox" prefix_auto="1" extension_auto="1" />
				<Option working_dir="" />
				<Option object_output="obj/Release/" />
				<Option type="2" />
				<Option compiler="gcc" />
				<Option createDefFile="1" />
				<Compiler>
					<Add option="-Wall" />
					<Add option="-O2" />
				</Compiler>
				<Linker>
					<Add option="-s" />
				</Linker>
			</Target>
		</Build>
		<Unit filename="../../../BaconBox/Audio/AudioEngine.cpp" />
		<Unit filename="../../../BaconBox/Audio/AudioEngine.h" />
		<Unit filename="../../../BaconBox/Audio/AudioState.h" />
		<Unit filename="../../../BaconBox/Audio/BackgroundMusic.cpp" />
		<Unit filename="../../../BaconBox/Audio/BackgroundMusic.h" />
		<Unit filename="../../../BaconBox/Audio/MusicEngine.cpp" />
		<Unit filename="../../../BaconBox/Audio/MusicEngine.h" />
		<Unit filename="../../../BaconBox/Audio/MusicInfo.cpp" />
		<Unit filename="../../../BaconBox/Audio/MusicInfo.h" />
		<Unit filename="../../../BaconBox/Audio/MusicParameters.cpp" />
		<Unit filename="../../../BaconBox/Audio/MusicParameters.h" />
		<Unit filename="../../../BaconBox/Audio/NullAudio.cpp" />
		<Unit filename="../../../BaconBox/Audio/NullAudio.h" />
		<Unit filename="../../../BaconBox/Audio/NullAudioEngine.cpp" />
		<Unit filename="../../../BaconBox/Audio/NullAudioEngine.h" />
		<Unit filename="../../../BaconBox/Audio/SDL/SDLMixerBackgroundMusic.cpp" />
		<Unit filename="../../../BaconBox/Audio/SDL/SDLMixerBackgroundMusic.h" />
		<Unit filename="../../../BaconBox/Audio/SDL/SDLMixerEngine.cpp" />
		<Unit filename="../../../BaconBox/Audio/SDL/SDLMixerEngine.h" />
		<Unit filename="../../../BaconBox/Audio/SDL/SDLMixerSoundFX.cpp" />
		<Unit filename="../../../BaconBox/Audio/SDL/SDLMixerSoundFX.h" />
		<Unit filename="../../../BaconBox/Audio/Sound.cpp" />
		<Unit filename="../../../BaconBox/Audio/Sound.h" />
		<Unit filename="../../../BaconBox/Audio/SoundEngine.cpp" />
		<Unit filename="../../../BaconBox/Audio/SoundEngine.h" />
		<Unit filename="../../../BaconBox/Audio/SoundFX.cpp" />
		<Unit filename="../../../BaconBox/Audio/SoundFX.h" />
		<Unit filename="../../../BaconBox/Audio/SoundInfo.cpp" />
		<Unit filename="../../../BaconBox/Audio/SoundInfo.h" />
		<Unit filename="../../../BaconBox/Audio/SoundParameters.cpp" />
		<Unit filename="../../../BaconBox/Audio/SoundParameters.h" />
		<Unit filename="../../../BaconBox/AxisAlignedBoundingBox.cpp" />
		<Unit filename="../../../BaconBox/AxisAlignedBoundingBox.h" />
		<Unit filename="../../../BaconBox/ColorMatrix.cpp" />
		<Unit filename="../../../BaconBox/ColorMatrix.h" />
		<Unit filename="../../../BaconBox/Components/AABBHitBox.cpp" />
		<Unit filename="../../../BaconBox/Components/AABBHitBox.h" />
		<Unit filename="../../../BaconBox/Components/Batch.cpp" />
		<Unit filename="../../../BaconBox/Components/Batch.h" />
		<Unit filename="../../../BaconBox/Components/CameraDriverRenderer.cpp" />
		<Unit filename="../../../BaconBox/Components/CameraDriverRenderer.h" />
		<Unit filename="../../../BaconBox/Components/ColorTransform.cpp" />
		<Unit filename="../../../BaconBox/Components/ColorTransform.h" />
		<Unit filename="../../../BaconBox/Components/ComponentAddedData.cpp" />
		<Unit filename="../../../BaconBox/Components/ComponentAddedData.h" />
		<Unit filename="../../../BaconBox/Components/ComponentConnection.h" />
		<Unit filename="../../../BaconBox/Components/DefaultAABBHitBox.cpp" />
		<Unit filename="../../../BaconBox/Components/DefaultAABBHitBox.h" />
		<Unit filename="../../../BaconBox/Components/DefaultColorTransform.cpp" />
		<Unit filename="../../../BaconBox/Components/DefaultColorTransform.h" />
		<Unit filename="../../../BaconBox/Components/DefaultEntityContainer.cpp" />
		<Unit filename="../../../BaconBox/Components/DefaultEntityContainer.h" />
		<Unit filename="../../../BaconBox/Components/DefaultMatrix.cpp" />
		<Unit filename="../../../BaconBox/Components/DefaultMatrix.h" />
		<Unit filename="../../../BaconBox/Components/DefaultTimeline.cpp" />
		<Unit filename="../../../BaconBox/Components/DefaultTimeline.h" />
		<Unit filename="../../../BaconBox/Components/EntityContainer.cpp" />
		<Unit filename="../../../BaconBox/Components/EntityContainer.h" />
		<Unit filename="../../../BaconBox/Components/EntityContainerLooper.h" />
		<Unit filename="../../../BaconBox/Components/EntityManager.cpp" />
		<Unit filename="../../../BaconBox/Components/EntityManager.h" />
		<Unit filename="../../../BaconBox/Components/HasName.cpp" />
		<Unit filename="../../../BaconBox/Components/HasName.h" />
		<Unit filename="../../../BaconBox/Components/IComponentConnection.h">
			<Option virtualFolder="BaconBox/Components/" />
		</Unit>
		<Unit filename="../../../BaconBox/Components/Lua/LuaEntity.cpp" />
		<Unit filename="../../../BaconBox/Components/Lua/LuaEntity.h" />
		<Unit filename="../../../BaconBox/Components/MatrixComponent.cpp" />
		<Unit filename="../../../BaconBox/Components/MatrixComponent.h" />
		<Unit filename="../../../BaconBox/Components/Mesh.cpp" />
		<Unit filename="../../../BaconBox/Components/Mesh.h" />
		<Unit filename="../../../BaconBox/Components/MeshDriverRenderer.cpp" />
		<Unit filename="../../../BaconBox/Components/MeshDriverRenderer.h" />
		<Unit filename="../../../BaconBox/Components/SizeComponent.cpp" />
		<Unit filename="../../../BaconBox/Components/SizeComponent.h" />
		<Unit filename="../../../BaconBox/Components/SymbolComponent.cpp" />
		<Unit filename="../../../BaconBox/Components/SymbolComponent.h" />
		<Unit filename="../../../BaconBox/Components/TextComponent.cpp" />
		<Unit filename="../../../BaconBox/Components/TextComponent.h" />
		<Unit filename="../../../BaconBox/Components/TextRenderer.cpp" />
		<Unit filename="../../../BaconBox/Components/TextRenderer.h" />
		<Unit filename="../../../BaconBox/Components/Texture.cpp" />
		<Unit filename="../../../BaconBox/Components/Texture.h" />
		<Unit filename="../../../BaconBox/Components/Timeline.cpp" />
		<Unit filename="../../../BaconBox/Components/Timeline.h" />
		<Unit filename="../../../BaconBox/Components/Transform.cpp" />
		<Unit filename="../../../BaconBox/Components/Transform.h" />
		<Unit filename="../../../BaconBox/Components/Visibility.cpp" />
		<Unit filename="../../../BaconBox/Components/Visibility.h" />
		<Unit filename="../../../BaconBox/Console.cpp" />
		<Unit filename="../../../BaconBox/Console.h" />
		<Unit filename="../../../BaconBox/Core/BaseEngine.cpp" />
		<Unit filename="../../../BaconBox/Core/BaseEngine.h" />
		<Unit filename="../../../BaconBox/Core/Component.cpp" />
		<Unit filename="../../../BaconBox/Core/Component.h" />
		<Unit filename="../../../BaconBox/Core/Engine.cpp" />
		<Unit filename="../../../BaconBox/Core/Engine.h" />
		<Unit filename="../../../BaconBox/Core/Entity.cpp" />
		<Unit filename="../../../BaconBox/Core/Entity.h" />
		<Unit filename="../../../BaconBox/Core/IDManager.cpp" />
		<Unit filename="../../../BaconBox/Core/IDManager.h" />
		<Unit filename="../../../BaconBox/Core/State.cpp" />
		<Unit filename="../../../BaconBox/Core/State.h" />
		<Unit filename="../../../BaconBox/Display/BatchManager.cpp" />
		<Unit filename="../../../BaconBox/Display/BatchManager.h" />
		<Unit filename="../../../BaconBox/Display/BatchedVertexArray.cpp" />
		<Unit filename="../../../BaconBox/Display/BatchedVertexArray.h" />
		<Unit filename="../../../BaconBox/Display/Camera.cpp" />
		<Unit filename="../../../BaconBox/Display/Camera.h" />
		<Unit filename="../../../BaconBox/Display/Color.cpp" />
		<Unit filename="../../../BaconBox/Display/Color.h" />
		<Unit filename="../../../BaconBox/Display/ColorFormat.h" />
		<Unit filename="../../../BaconBox/Display/Driver/ColorArray.h" />
		<Unit filename="../../../BaconBox/Display/Driver/ColorTransformArray.h" />
		<Unit filename="../../../BaconBox/Display/Driver/GraphicDriver.cpp" />
		<Unit filename="../../../BaconBox/Display/Driver/GraphicDriver.h" />
		<Unit filename="../../../BaconBox/Display/Driver/IndiceArray.h" />
		<Unit filename="../../../BaconBox/Display/Driver/NullGraphicDriver.cpp" />
		<Unit filename="../../../BaconBox/Display/Driver/NullGraphicDriver.h" />
		<Unit filename="../../../BaconBox/Display/Driver/OpenGL/BBOpenGL.h" />
		<Unit filename="../../../BaconBox/Display/Driver/OpenGL/GLSLProgram.cpp" />
		<Unit filename="../../../BaconBox/Display/Driver/OpenGL/GLSLProgram.h" />
		<Unit filename="../../../BaconBox/Display/Driver/OpenGL/GLSLShader.cpp" />
		<Unit filename="../../../BaconBox/Display/Driver/OpenGL/GLSLShader.h" />
		<Unit filename="../../../BaconBox/Display/Driver/OpenGL/OpenGLDriver.cpp" />
		<Unit filename="../../../BaconBox/Display/Driver/OpenGL/OpenGLDriver.h" />
		<Unit filename="../../../BaconBox/Display/Driver/OpenGL/OpenGLStaticBatchManager.cpp" />
		<Unit filename="../../../BaconBox/Display/Driver/OpenGL/OpenGLStaticBatchManager.h" />
		<Unit filename="../../../BaconBox/Display/DynamicBatch.cpp" />
		<Unit filename="../../../BaconBox/Display/DynamicBatch.h" />
		<Unit filename="../../../BaconBox/Display/PixMap.cpp" />
		<Unit filename="../../../BaconBox/Display/PixMap.h" />
		<Unit filename="../../../BaconBox/Display/RenderMode.h" />
		<Unit filename="../../../BaconBox/Display/SubTextureInfo.cpp" />
		<Unit filename="../../../BaconBox/Display/SubTextureInfo.h" />
		<Unit filename="../../../BaconBox/Display/Text/BMFont.cpp" />
		<Unit filename="../../../BaconBox/Display/Text/BMFont.h" />
		<Unit filename="../../../BaconBox/Display/Text/Font.cpp" />
		<Unit filename="../../../BaconBox/Display/Text/Font.h" />
		<Unit filename="../../../BaconBox/Display/Text/FontFormat.h" />
		<Unit filename="../../../BaconBox/Display/Text/FontPointer.h" />
		<Unit filename="../../../BaconBox/Display/Text/TextAlignment.h" />
		<Unit filename="../../../BaconBox/Display/Text/TextDirection.h" />
		<Unit filename="../../../BaconBox/Display/Text/TextEntity.cpp" />
		<Unit filename="../../../BaconBox/Display/Text/TextEntity.h" />
		<Unit filename="../../../BaconBox/Display/Text/TextureFont.cpp" />
		<Unit filename="../../../BaconBox/Display/Text/TextureFont.h" />
		<Unit filename="../../../BaconBox/Display/Text/TextureGlyphInformation.cpp" />
		<Unit filename="../../../BaconBox/Display/Text/TextureGlyphInformation.h" />
		<Unit filename="../../../BaconBox/Display/TextureInformation.cpp" />
		<Unit filename="../../../BaconBox/Display/TextureInformation.h" />
		<Unit filename="../../../BaconBox/Display/TexturePointer.h" />
		<Unit filename="../../../BaconBox/Display/Window/MainWindow.cpp" />
		<Unit filename="../../../BaconBox/Display/Window/MainWindow.h" />
		<Unit filename="../../../BaconBox/Display/Window/NullMainWindow.cpp" />
		<Unit filename="../../../BaconBox/Display/Window/NullMainWindow.h" />
		<Unit filename="../../../BaconBox/Display/Window/SDL/SDLMainWindow.cpp" />
		<Unit filename="../../../BaconBox/Display/Window/SDL/SDLMainWindow.h" />
		<Unit filename="../../../BaconBox/Display/Window/WindowOrientation.h" />
		<Unit filename="../../../BaconBox/EntityFactory.cpp" />
		<Unit filename="../../../BaconBox/EntityFactory.h" />
		<Unit filename="../../../BaconBox/Helper/AlgorithmHelper.h" />
		<Unit filename="../../../BaconBox/Helper/Base64.cpp" />
		<Unit filename="../../../BaconBox/Helper/Base64.h" />
		<Unit filename="../../../BaconBox/Helper/BitHelper.cpp" />
		<Unit filename="../../../BaconBox/Helper/BitHelper.h" />
		<Unit filename="../../../BaconBox/Helper/CArray.h" />
		<Unit filename="../../../BaconBox/Helper/CallHelper.cpp" />
		<Unit filename="../../../BaconBox/Helper/CallHelper.h" />
		<Unit filename="../../../BaconBox/Helper/Compression.cpp" />
		<Unit filename="../../../BaconBox/Helper/Compression.h" />
		<Unit filename="../../../BaconBox/Helper/CompressionMethod.h" />
		<Unit filename="../../../BaconBox/Helper/DeleteHelper.h" />
		<Unit filename="../../../BaconBox/Helper/DynamicPool.h" />
		<Unit filename="../../../BaconBox/Helper/Ease.h" />
		<Unit filename="../../../BaconBox/Helper/FlagSet.h" />
		<Unit filename="../../../BaconBox/Helper/FlashExporterXmlReader.cpp" />
		<Unit filename="../../../BaconBox/Helper/FlashExporterXmlReader.h" />
		<Unit filename="../../../BaconBox/Helper/IsBaseOf.h" />
		<Unit filename="../../../BaconBox/Helper/IsNumber.h" />
		<Unit filename="../../../BaconBox/Helper/IsSame.h" />
		<Unit filename="../../../BaconBox/Helper/Iterators.h" />
		<Unit filename="../../../BaconBox/Helper/MathHelper.cpp" />
		<Unit filename="../../../BaconBox/Helper/MathHelper.h" />
		<Unit filename="../../../BaconBox/Helper/Parser.cpp" />
		<Unit filename="../../../BaconBox/Helper/Parser.h" />
		<Unit filename="../../../BaconBox/Helper/Pool.h" />
		<Unit filename="../../../BaconBox/Helper/Random.cpp" />
		<Unit filename="../../../BaconBox/Helper/Random.h" />
		<Unit filename="../../../BaconBox/Helper/Range.h" />
		<Unit filename="../../../BaconBox/Helper/ResourcePathHandler.cpp" />
		<Unit filename="../../../BaconBox/Helper/ResourcePathHandler.h" />
		<Unit filename="../../../BaconBox/Helper/SafeEnum.h" />
		<Unit filename="../../../BaconBox/Helper/Serialization/Array.cpp" />
		<Unit filename="../../../BaconBox/Helper/Serialization/Array.h" />
		<Unit filename="../../../BaconBox/Helper/Serialization/DefaultSerializer.cpp" />
		<Unit filename="../../../BaconBox/Helper/Serialization/DefaultSerializer.h" />
		<Unit filename="../../../BaconBox/Helper/Serialization/JsonBox/JsonBoxSerializer.cpp" />
		<Unit filename="../../../BaconBox/Helper/Serialization/JsonBox/JsonBoxSerializer.h" />
		<Unit filename="../../../BaconBox/Helper/Serialization/JsonSerializer.h" />
		<Unit filename="../../../BaconBox/Helper/Serialization/Object.cpp" />
		<Unit filename="../../../BaconBox/Helper/Serialization/Object.h" />
		<Unit filename="../../../BaconBox/Helper/Serialization/RapidXml/RapidXmlSerializer.cpp" />
		<Unit filename="../../../BaconBox/Helper/Serialization/RapidXml/RapidXmlSerializer.h" />
		<Unit filename="../../../BaconBox/Helper/Serialization/Serializable.cpp" />
		<Unit filename="../../../BaconBox/Helper/Serialization/Serializable.h" />
		<Unit filename="../../../BaconBox/Helper/Serialization/Serializer.cpp" />
		<Unit filename="../../../BaconBox/Helper/Serialization/Serializer.h" />
		<Unit filename="../../../BaconBox/Helper/Serialization/Value.cpp" />
		<Unit filename="../../../BaconBox/Helper/Serialization/Value.h" />
		<Unit filename="../../../BaconBox/Helper/Serialization/XmlSerializer.h" />
		<Unit filename="../../../BaconBox/Helper/ShapeFactory.cpp" />
		<Unit filename="../../../BaconBox/Helper/ShapeFactory.h" />
		<Unit filename="../../../BaconBox/Helper/StackPool.h" />
		<Unit filename="../../../BaconBox/Helper/StaticAssert.h" />
		<Unit filename="../../../BaconBox/Helper/Stopwatch.cpp" />
		<Unit filename="../../../BaconBox/Helper/Stopwatch.h" />
		<Unit filename="../../../BaconBox/Helper/String32.h" />
		<Unit filename="../../../BaconBox/Helper/StringHelper.cpp" />
		<Unit filename="../../../BaconBox/Helper/StringHelper.h" />
		<Unit filename="../../../BaconBox/Helper/TimeHelper.cpp" />
		<Unit filename="../../../BaconBox/Helper/TimeHelper.h" />
		<Unit filename="../../../BaconBox/Helper/Timer.cpp" />
		<Unit filename="../../../BaconBox/Helper/Timer.h" />
		<Unit filename="../../../BaconBox/Helper/TimerManager.cpp" />
		<Unit filename="../../../BaconBox/Helper/TimerManager.h" />
		<Unit filename="../../../BaconBox/Helper/Tween/StepTween.h" />
		<Unit filename="../../../BaconBox/Helper/Tween/Tween.h" />
		<Unit filename="../../../BaconBox/Helper/UTFConvert.cpp" />
		<Unit filename="../../../BaconBox/Helper/UTFConvert.h" />
		<Unit filename="../../../BaconBox/Helper/ValueChangedData.h" />
		<Unit filename="../../../BaconBox/Helper/Vector2ChangedData.h" />
		<Unit filename="../../../BaconBox/Helper/Windows/WindowsTimeHelper.cpp" />
		<Unit filename="../../../BaconBox/Helper/Windows/WindowsTimeHelper.h" />
		<Unit filename="../../../BaconBox/Helper/libc/LibcTimeHelper.cpp" />
		<Unit filename="../../../BaconBox/Helper/libc/LibcTimeHelper.h" />
		<Unit filename="../../../BaconBox/Input/Accelerometer/Accelerometer.cpp" />
		<Unit filename="../../../BaconBox/Input/Accelerometer/Accelerometer.h" />
		<Unit filename="../../../BaconBox/Input/Accelerometer/AccelerometerSignalData.cpp" />
		<Unit filename="../../../BaconBox/Input/Accelerometer/AccelerometerSignalData.h" />
		<Unit filename="../../../BaconBox/Input/Accelerometer/AccelerometerState.cpp" />
		<Unit filename="../../../BaconBox/Input/Accelerometer/AccelerometerState.h" />
		<Unit filename="../../../BaconBox/Input/Accelerometer/NullAccelerometer.cpp" />
		<Unit filename="../../../BaconBox/Input/Accelerometer/NullAccelerometer.h" />
		<Unit filename="../../../BaconBox/Input/GamePad/GamePad.cpp" />
		<Unit filename="../../../BaconBox/Input/GamePad/GamePad.h" />
		<Unit filename="../../../BaconBox/Input/GamePad/GamePadButtonSignalData.cpp" />
		<Unit filename="../../../BaconBox/Input/GamePad/GamePadButtonSignalData.h" />
		<Unit filename="../../../BaconBox/Input/GamePad/GamePadSignalData.cpp" />
		<Unit filename="../../../BaconBox/Input/GamePad/GamePadSignalData.h" />
		<Unit filename="../../../BaconBox/Input/GamePad/GamePadState.cpp" />
		<Unit filename="../../../BaconBox/Input/GamePad/GamePadState.h" />
		<Unit filename="../../../BaconBox/Input/GamePad/GamePadThumbstickSignalData.cpp" />
		<Unit filename="../../../BaconBox/Input/GamePad/GamePadThumbstickSignalData.h" />
		<Unit filename="../../../BaconBox/Input/GamePad/NullGamePad.cpp" />
		<Unit filename="../../../BaconBox/Input/GamePad/NullGamePad.h" />
		<Unit filename="../../../BaconBox/Input/GamePad/SDL/SDLGamePad.cpp" />
		<Unit filename="../../../BaconBox/Input/GamePad/SDL/SDLGamePad.h" />
		<Unit filename="../../../BaconBox/Input/InputDevice.cpp" />
		<Unit filename="../../../BaconBox/Input/InputDevice.h" />
		<Unit filename="../../../BaconBox/Input/InputManager.cpp" />
		<Unit filename="../../../BaconBox/Input/InputManager.h" />
		<Unit filename="../../../BaconBox/Input/InputSignalData.cpp" />
		<Unit filename="../../../BaconBox/Input/InputSignalData.h" />
		<Unit filename="../../../BaconBox/Input/InputState.cpp" />
		<Unit filename="../../../BaconBox/Input/InputState.h" />
		<Unit filename="../../../BaconBox/Input/Keyboard/Key.cpp" />
		<Unit filename="../../../BaconBox/Input/Keyboard/Key.h" />
		<Unit filename="../../../BaconBox/Input/Keyboard/KeyMaskSignalData.cpp" />
		<Unit filename="../../../BaconBox/Input/Keyboard/KeyMaskSignalData.h" />
		<Unit filename="../../../BaconBox/Input/Keyboard/KeySignalData.cpp" />
		<Unit filename="../../../BaconBox/Input/Keyboard/KeySignalData.h" />
		<Unit filename="../../../BaconBox/Input/Keyboard/Keyboard.cpp" />
		<Unit filename="../../../BaconBox/Input/Keyboard/Keyboard.h" />
		<Unit filename="../../../BaconBox/Input/Keyboard/KeyboardSignalData.cpp" />
		<Unit filename="../../../BaconBox/Input/Keyboard/KeyboardSignalData.h" />
		<Unit filename="../../../BaconBox/Input/Keyboard/KeyboardState.cpp" />
		<Unit filename="../../../BaconBox/Input/Keyboard/KeyboardState.h" />
		<Unit filename="../../../BaconBox/Input/Keyboard/NullKeyboard.cpp" />
		<Unit filename="../../../BaconBox/Input/Keyboard/NullKeyboard.h" />
		<Unit filename="../../../BaconBox/Input/Keyboard/SDL/SDLKeyboard.cpp" />
		<Unit filename="../../../BaconBox/Input/Keyboard/SDL/SDLKeyboard.h" />
		<Unit filename="../../../BaconBox/Input/Pointer/CursorButton.cpp" />
		<Unit filename="../../../BaconBox/Input/Pointer/CursorButton.h" />
		<Unit filename="../../../BaconBox/Input/Pointer/CursorState.cpp" />
		<Unit filename="../../../BaconBox/Input/Pointer/CursorState.h" />
		<Unit filename="../../../BaconBox/Input/Pointer/NullPointer.cpp" />
		<Unit filename="../../../BaconBox/Input/Pointer/NullPointer.h" />
		<Unit filename="../../../BaconBox/Input/Pointer/Pointer.cpp" />
		<Unit filename="../../../BaconBox/Input/Pointer/Pointer.h" />
		<Unit filename="../../../BaconBox/Input/Pointer/PointerButtonSignalData.cpp" />
		<Unit filename="../../../BaconBox/Input/Pointer/PointerButtonSignalData.h" />
		<Unit filename="../../../BaconBox/Input/Pointer/PointerSignalData.cpp" />
		<Unit filename="../../../BaconBox/Input/Pointer/PointerSignalData.h" />
		<Unit filename="../../../BaconBox/Input/Pointer/PointerState.cpp" />
		<Unit filename="../../../BaconBox/Input/Pointer/PointerState.h" />
		<Unit filename="../../../BaconBox/Input/Pointer/SDL/SDLPointer.cpp" />
		<Unit filename="../../../BaconBox/Input/Pointer/SDL/SDLPointer.h" />
		<Unit filename="../../../BaconBox/Input/SDL/SDLInputManager.cpp" />
		<Unit filename="../../../BaconBox/Input/SDL/SDLInputManager.h" />
		<Unit filename="../../../BaconBox/Matrix.cpp" />
		<Unit filename="../../../BaconBox/Matrix.h" />
		<Unit filename="../../../BaconBox/MovieClipEntity/MovieClipEntity.cpp" />
		<Unit filename="../../../BaconBox/MovieClipEntity/MovieClipEntity.h" />
		<Unit filename="../../../BaconBox/PlatformFlagger.h" />
		<Unit filename="../../../BaconBox/ResourceManager.cpp" />
		<Unit filename="../../../BaconBox/ResourceManager.h" />
		<Unit filename="../../../BaconBox/ResourcePointer.h" />
		<Unit filename="../../../BaconBox/Script/Lua/LuaManager.cpp" />
		<Unit filename="../../../BaconBox/Script/Lua/LuaManager.h" />
		<Unit filename="../../../BaconBox/SignalSlots/SignalAnalyzer.cpp" />
		<Unit filename="../../../BaconBox/SignalSlots/SignalAnalyzer.h" />
		<Unit filename="../../../BaconBox/SignalSlots/SignalAnalyzerManager.cpp" />
		<Unit filename="../../../BaconBox/SignalSlots/SignalAnalyzerManager.h" />
		<Unit filename="../../../BaconBox/SignalSlots/SignalData.cpp" />
		<Unit filename="../../../BaconBox/SignalSlots/SignalData.h" />
		<Unit filename="../../../BaconBox/Special/Swig/BaconBoxLua.cpp" />
		<Unit filename="../../../BaconBox/StandardVertexArray.cpp" />
		<Unit filename="../../../BaconBox/StandardVertexArray.h" />
		<Unit filename="../../../BaconBox/Symbol.cpp" />
		<Unit filename="../../../BaconBox/Symbol.h" />
		<Unit filename="../../../BaconBox/TextureCoordinates.h" />
		<Unit filename="../../../BaconBox/Vector2.cpp" />
		<Unit filename="../../../BaconBox/Vector2.h" />
		<Unit filename="../../../BaconBox/Vector3.cpp" />
		<Unit filename="../../../BaconBox/Vector3.h" />
		<Unit filename="../../../BaconBox/VertexArray.cpp" />
		<Unit filename="../../../BaconBox/VertexArray.h" />
		<Extensions>
			<code_completion />
			<envvars />
			<debugger />
			<lib_finder disable_auto="1" />
		</Extensions>
	</Project>
</CodeBlocks_project_file>
